<?xml version="1.0" encoding="utf-8"?>
<Project ToolsVersion="4.0" xmlns="http://schemas.microsoft.com/developer/msbuild/2003">
  <ItemGroup>
    <ClCompile Include="Source\App.cpp">
      <Filter>Source\App</Filter>
    </ClCompile>
    <ClCompile Include="Source\Audio.cpp">
      <Filter>Source\Modules\Core</Filter>
    </ClCompile>
    <ClCompile Include="Source\FadeToBlack.cpp">
      <Filter>Source\Modules\Core</Filter>
    </ClCompile>
    <ClCompile Include="Source\Input.cpp">
      <Filter>Source\Modules\Core</Filter>
    </ClCompile>
    <ClCompile Include="Source\Log.cpp">
      <Filter>Source\Utils</Filter>
    </ClCompile>
    <ClCompile Include="Source\Main.cpp">
      <Filter>Source\App</Filter>
    </ClCompile>
    <ClCompile Include="Source\Map.cpp">
      <Filter>Source\Modules\Core</Filter>
    </ClCompile>
    <ClCompile Include="Source\Physics.cpp">
      <Filter>Source\Modules\Core</Filter>
    </ClCompile>
    <ClCompile Include="Source\Player.cpp">
      <Filter>Source\Modules\Gameplay</Filter>
    </ClCompile>
    <ClCompile Include="Source\External\PugiXml\src\pugixml.cpp">
      <Filter>External</Filter>
    </ClCompile>
    <ClCompile Include="Source\Render.cpp">
      <Filter>Source\Modules\Core</Filter>
    </ClCompile>
    <ClCompile Include="Source\Textures.cpp">
      <Filter>Source\Modules\Core</Filter>
    </ClCompile>
    <ClCompile Include="Source\Window.cpp">
      <Filter>Source\Modules\Core</Filter>
    </ClCompile>
    <ClCompile Include="Source\Pathfinding.cpp">
      <Filter>Source\Modules\Core</Filter>
    </ClCompile>
    <ClCompile Include="Source\Perftimer .cpp">
      <Filter>Source\Utils</Filter>
    </ClCompile>
    <ClCompile Include="Source\Timer.cpp">
      <Filter>Source\Utils</Filter>
    </ClCompile>
    <ClCompile Include="Source\UI.cpp">
      <Filter>Source\Modules\Core</Filter>
    </ClCompile>
    <ClCompile Include="Source\Fonts.cpp">
      <Filter>Source\Modules\Core</Filter>
    </ClCompile>
    <ClCompile Include="Source\Death.cpp">
      <Filter>Source\Modules\Gameplay\Scenes</Filter>
    </ClCompile>
    <ClCompile Include="Source\Intro.cpp">
      <Filter>Source\Modules\Gameplay\Scenes</Filter>
    </ClCompile>
    <ClCompile Include="Source\Scene.cpp">
      <Filter>Source\Modules\Gameplay\Scenes</Filter>
    </ClCompile>
    <ClCompile Include="Source\Scene2.cpp">
      <Filter>Source\Modules\Gameplay\Scenes</Filter>
    </ClCompile>
    <ClCompile Include="Source\CheckPoint.cpp">
      <Filter>Source\Modules\Gameplay\Props</Filter>
    </ClCompile>
    <ClCompile Include="Source\Eagle.cpp">
      <Filter>Source\Modules\Gameplay\Enemies</Filter>
    </ClCompile>
    <ClCompile Include="Source\Rat.cpp">
      <Filter>Source\Modules\Gameplay\Enemies</Filter>
    </ClCompile>
    <ClCompile Include="Source\EntityManager.cpp">
      <Filter>Source\Modules\Gameplay</Filter>
    </ClCompile>
    <ClCompile Include="Source\Gem.cpp">
      <Filter>Source\Modules\Gameplay\Props</Filter>
    </ClCompile>
    <ClCompile Include="Source\Cherry.cpp">
      <Filter>Source\Modules\Gameplay\Props</Filter>
    </ClCompile>
    <ClCompile Include="Source\Door.cpp">
      <Filter>Source\Modules\Gameplay\Props</Filter>
    </ClCompile>
    <ClCompile Include="Source\GuiButton.cpp" />
    <ClCompile Include="Source\GuiManager.cpp" />
    <ClCompile Include="Source\GuiCheck.cpp" />
    <ClCompile Include="Source\GuiSlidder.cpp" />
  </ItemGroup>
  <ItemGroup>
    <ClInclude Include="Source\Animation.h">
      <Filter>Source\Utils</Filter>
    </ClInclude>
    <ClInclude Include="Source\App.h">
      <Filter>Source\App</Filter>
    </ClInclude>
    <ClInclude Include="Source\Audio.h">
      <Filter>Source\Modules\Core</Filter>
    </ClInclude>
    <ClInclude Include="Source\Defs.h">
      <Filter>Source\Utils</Filter>
    </ClInclude>
    <ClInclude Include="Source\DynArray.h">
      <Filter>Source\Utils</Filter>
    </ClInclude>
    <ClInclude Include="Source\FadeToBlack.h">
      <Filter>Source\Modules\Core</Filter>
    </ClInclude>
    <ClInclude Include="Source\Input.h">
      <Filter>Source\Modules\Core</Filter>
    </ClInclude>
    <ClInclude Include="Source\List.h">
      <Filter>Source\Utils</Filter>
    </ClInclude>
    <ClInclude Include="Source\Log.h">
      <Filter>Source\Utils</Filter>
    </ClInclude>
    <ClInclude Include="Source\Map.h">
      <Filter>Source\Modules\Core</Filter>
    </ClInclude>
    <ClInclude Include="Source\Module.h">
      <Filter>Source\Modules</Filter>
    </ClInclude>
    <ClInclude Include="Source\Physics.h">
      <Filter>Source\Modules\Core</Filter>
    </ClInclude>
    <ClInclude Include="Source\Point.h">
      <Filter>Source\Utils</Filter>
    </ClInclude>
    <ClInclude Include="Source\External\PugiXml\src\pugiconfig.hpp">
      <Filter>External</Filter>
    </ClInclude>
    <ClInclude Include="Source\Player.h">
      <Filter>Source\Modules\Gameplay</Filter>
    </ClInclude>
    <ClInclude Include="Source\External\PugiXml\src\pugixml.hpp">
      <Filter>External</Filter>
    </ClInclude>
    <ClInclude Include="Source\Render.h">
      <Filter>Source\Modules\Core</Filter>
    </ClInclude>
    <ClInclude Include="Source\SString.h">
      <Filter>Source\Utils</Filter>
    </ClInclude>
    <ClInclude Include="Source\Textures.h">
      <Filter>Source\Modules\Core</Filter>
    </ClInclude>
    <ClInclude Include="Source\Window.h">
      <Filter>Source\Modules\Core</Filter>
    </ClInclude>
    <ClInclude Include="Source\Pathfinding.h">
      <Filter>Source\Modules\Core</Filter>
    </ClInclude>
    <ClInclude Include="Source\Timer.h">
      <Filter>Source\Utils</Filter>
    </ClInclude>
    <ClInclude Include="Source\Perftimer.h">
      <Filter>Source\Utils</Filter>
    </ClInclude>
    <ClInclude Include="Source\UI.h">
      <Filter>Source\Modules\Core</Filter>
    </ClInclude>
    <ClInclude Include="Source\Fonts.h">
      <Filter>Source\Modules\Core</Filter>
    </ClInclude>
    <ClInclude Include="Source\Death.h">
      <Filter>Source\Modules\Gameplay\Scenes</Filter>
    </ClInclude>
    <ClInclude Include="Source\Intro.h">
      <Filter>Source\Modules\Gameplay\Scenes</Filter>
    </ClInclude>
    <ClInclude Include="Source\Scene.h">
      <Filter>Source\Modules\Gameplay\Scenes</Filter>
    </ClInclude>
    <ClInclude Include="Source\Scene2.h">
      <Filter>Source\Modules\Gameplay\Scenes</Filter>
    </ClInclude>
    <ClInclude Include="Source\CheckPoint.h">
      <Filter>Source\Modules\Gameplay\Props</Filter>
    </ClInclude>
    <ClInclude Include="Source\Enemy.h">
      <Filter>Source\Modules\Gameplay\Enemies</Filter>
    </ClInclude>
    <ClInclude Include="Source\Eagle.h">
      <Filter>Source\Modules\Gameplay\Enemies</Filter>
    </ClInclude>
    <ClInclude Include="Source\Rat.h">
      <Filter>Source\Modules\Gameplay\Enemies</Filter>
    </ClInclude>
    <ClInclude Include="Source\Entity.h">
      <Filter>Source\Modules\Gameplay</Filter>
    </ClInclude>
    <ClInclude Include="Source\EntityManager.h">
      <Filter>Source\Modules\Gameplay</Filter>
    </ClInclude>
    <ClInclude Include="Source\Gem.h">
      <Filter>Source\Modules\Gameplay\Props</Filter>
    </ClInclude>
    <ClInclude Include="Source\Cherry.h">
      <Filter>Source\Modules\Gameplay\Props</Filter>
    </ClInclude>
    <ClInclude Include="Source\Door.h">
      <Filter>Source\Modules\Gameplay\Props</Filter>
    </ClInclude>
    <ClInclude Include="Source\GUIControl.h" />
    <ClInclude Include="Source\GuiButton.h" />
    <ClInclude Include="Source\GuiManager.h" />
    <ClInclude Include="Source\GuiCheck.h" />
    <ClInclude Include="Source\GuiSlidder.h" />
  </ItemGroup>
  <ItemGroup>
    <Xml Include="..\Output\config.xml">
      <Filter>External</Filter>
    </Xml>
    <Xml Include="..\Output\save_game.xml">
      <Filter>External</Filter>
    </Xml>
  </ItemGroup>
  <ItemGroup>
    <Filter Include="Source">
      <UniqueIdentifier>{802bb7d5-2e79-4249-a1a8-426e97888f3f}</UniqueIdentifier>
    </Filter>
    <Filter Include="Source\Modules">
      <UniqueIdentifier>{2c250c8c-d3c8-47d2-b97e-e3ecc5c1fa2c}</UniqueIdentifier>
    </Filter>
    <Filter Include="Source\App">
      <UniqueIdentifier>{5f79d68a-e432-4ef1-9847-48338b80d985}</UniqueIdentifier>
    </Filter>
    <Filter Include="Source\Utils">
      <UniqueIdentifier>{da43897b-9f00-4ffa-89dd-cdc0d67c1089}</UniqueIdentifier>
    </Filter>
    <Filter Include="Source\Modules\Core">
      <UniqueIdentifier>{e124ae44-6076-4112-ad81-8baeb88059e1}</UniqueIdentifier>
    </Filter>
    <Filter Include="Source\Modules\Gameplay">
      <UniqueIdentifier>{14e35f7e-7ba4-4426-859b-ecd0a75432b5}</UniqueIdentifier>
    </Filter>
    <Filter Include="External">
      <UniqueIdentifier>{ca02deac-1edc-4896-a369-f4889d57fe06}</UniqueIdentifier>
    </Filter>
    <Filter Include="Source\Modules\Gameplay\Scenes">
      <UniqueIdentifier>{4ae2f61b-8c38-4833-9db4-c5f937767ab3}</UniqueIdentifier>
    </Filter>
    <Filter Include="Source\Modules\Gameplay\Props">
      <UniqueIdentifier>{7366b8de-d923-4bc0-904f-f9f7f778021f}</UniqueIdentifier>
    </Filter>
    <Filter Include="Source\Modules\Gameplay\Enemies">
      <UniqueIdentifier>{5f47d1d5-b319-4fc0-b9f5-4c60f3246470}</UniqueIdentifier>
    </Filter>
  </ItemGroup>
</Project>